
Microsoft Visual Studio Solution File, Format Version 12.00
# Visual Studio Version 16
VisualStudioVersion = 16.0.29020.237
MinimumVisualStudioVersion = 10.0.40219.1
Project("{9A19103F-16F7-4668-BE54-9A1E7A4F7556}") = "DietaDiaria.Api", "DietaDiaria\DietaDiaria.Api.csproj", "{022F2339-64AC-4FBF-9106-EC7BB5CB3FE6}"
EndProject
Project("{FAE04EC0-301F-11D3-BF4B-00C04F79EFBC}") = "DietaDiaria.Domain", "DietaDiaria.Domain\DietaDiaria.Domain.csproj", "{AAFE1CA9-E6BE-4005-945A-A2BB8FC4157F}"
EndProject
Project("{FAE04EC0-301F-11D3-BF4B-00C04F79EFBC}") = "DietaDiaria.Infra.Data", "DietaDiaria.Data\DietaDiaria.Infra.Data.csproj", "{60D3E531-498B-4DAD-AA48-546762A43C59}"
EndProject
Project("{2150E333-8FDC-42A3-9474-1A3956D46DE8}") = "Infra", "Infra", "{7A9BCFA8-FDC3-4D71-8659-361FF67BA30C}"
EndProject
Project("{FAE04EC0-301F-11D3-BF4B-00C04F79EFBC}") = "DietaDiaria.Infra.IoC", "DietaDiaria.Infra.IoC\DietaDiaria.Infra.IoC.csproj", "{4A398F11-9BE9-4D46-B477-A39FF764BF37}"
EndProject
Project("{2150E333-8FDC-42A3-9474-1A3956D46DE8}") = "Api", "Api", "{4BEA5F06-C7C7-4636-86CF-A55F7E3B097F}"
EndProject
Project("{2150E333-8FDC-42A3-9474-1A3956D46DE8}") = "Domain", "Domain", "{7D31167C-0407-4134-916C-3EB00E43402C}"
EndProject
Global
	GlobalSection(SolutionConfigurationPlatforms) = preSolution
		Debug|Any CPU = Debug|Any CPU
		Release|Any CPU = Release|Any CPU
	EndGlobalSection
	GlobalSection(ProjectConfigurationPlatforms) = postSolution
		{022F2339-64AC-4FBF-9106-EC7BB5CB3FE6}.Debug|Any CPU.ActiveCfg = Debug|Any CPU
		{022F2339-64AC-4FBF-9106-EC7BB5CB3FE6}.Debug|Any CPU.Build.0 = Debug|Any CPU
		{022F2339-64AC-4FBF-9106-EC7BB5CB3FE6}.Release|Any CPU.ActiveCfg = Release|Any CPU
		{022F2339-64AC-4FBF-9106-EC7BB5CB3FE6}.Release|Any CPU.Build.0 = Release|Any CPU
		{AAFE1CA9-E6BE-4005-945A-A2BB8FC4157F}.Debug|Any CPU.ActiveCfg = Debug|Any CPU
		{AAFE1CA9-E6BE-4005-945A-A2BB8FC4157F}.Debug|Any CPU.Build.0 = Debug|Any CPU
		{AAFE1CA9-E6BE-4005-945A-A2BB8FC4157F}.Release|Any CPU.ActiveCfg = Release|Any CPU
		{AAFE1CA9-E6BE-4005-945A-A2BB8FC4157F}.Release|Any CPU.Build.0 = Release|Any CPU
		{60D3E531-498B-4DAD-AA48-546762A43C59}.Debug|Any CPU.ActiveCfg = Debug|Any CPU
		{60D3E531-498B-4DAD-AA48-546762A43C59}.Debug|Any CPU.Build.0 = Debug|Any CPU
		{60D3E531-498B-4DAD-AA48-546762A43C59}.Release|Any CPU.ActiveCfg = Release|Any CPU
		{60D3E531-498B-4DAD-AA48-546762A43C59}.Release|Any CPU.Build.0 = Release|Any CPU
		{4A398F11-9BE9-4D46-B477-A39FF764BF37}.Debug|Any CPU.ActiveCfg = Debug|Any CPU
		{4A398F11-9BE9-4D46-B477-A39FF764BF37}.Debug|Any CPU.Build.0 = Debug|Any CPU
		{4A398F11-9BE9-4D46-B477-A39FF764BF37}.Release|Any CPU.ActiveCfg = Release|Any CPU
		{4A398F11-9BE9-4D46-B477-A39FF764BF37}.Release|Any CPU.Build.0 = Release|Any CPU
	EndGlobalSection
	GlobalSection(SolutionProperties) = preSolution
		HideSolutionNode = FALSE
	EndGlobalSection
	GlobalSection(NestedProjects) = preSolution
		{022F2339-64AC-4FBF-9106-EC7BB5CB3FE6} = {4BEA5F06-C7C7-4636-86CF-A55F7E3B097F}
		{AAFE1CA9-E6BE-4005-945A-A2BB8FC4157F} = {7D31167C-0407-4134-916C-3EB00E43402C}
		{60D3E531-498B-4DAD-AA48-546762A43C59} = {7A9BCFA8-FDC3-4D71-8659-361FF67BA30C}
		{4A398F11-9BE9-4D46-B477-A39FF764BF37} = {7A9BCFA8-FDC3-4D71-8659-361FF67BA30C}
	EndGlobalSection
	GlobalSection(ExtensibilityGlobals) = postSolution
		SolutionGuid = {9E0857D3-453E-4F9C-8BCF-03B488E16317}
	EndGlobalSection
EndGlobal
